{
  "nodes": {
    "cv": {
      "inputs": {
        "flake-utils": [
          "ryan-website",
          "flake-utils"
        ],
        "nixpkgs": [
          "ryan-website",
          "nixpkgs"
        ]
      },
      "locked": {
        "lastModified": 1669477867,
        "narHash": "sha256-zZRUP3zqSvlqrZUPVFMsCxuvVToBDoWH8duC8hwpZ6E=",
        "ref": "main",
        "rev": "4d6772ec2d5a18e9b091cc21e386b86b70d946ea",
        "revCount": 30,
        "type": "git",
        "url": "ssh://git@git.freumh.org/ryan/cv.git"
      },
      "original": {
        "ref": "main",
        "type": "git",
        "url": "ssh://git@git.freumh.org/ryan/cv.git"
      }
    },
    "flake-compat": {
      "flake": false,
      "locked": {
        "lastModified": 1650374568,
        "narHash": "sha256-Z+s0J8/r907g149rllvwhb4pKi8Wam5ij0st8PwAh+E=",
        "owner": "edolstra",
        "repo": "flake-compat",
        "rev": "b4a34015c698c7793d592d66adbab377907a2be8",
        "type": "github"
      },
      "original": {
        "owner": "edolstra",
        "repo": "flake-compat",
        "type": "github"
      }
    },
    "flake-utils": {
      "locked": {
        "lastModified": 1659877975,
        "narHash": "sha256-zllb8aq3YO3h8B/U0/J1WBgAL8EX5yWf5pMj3G0NAmc=",
        "owner": "numtide",
        "repo": "flake-utils",
        "rev": "c0e246b9b83f637f4681389ecabcb2681b4f3af0",
        "type": "github"
      },
      "original": {
        "id": "flake-utils",
        "type": "indirect"
      }
    },
    "flake-utils_2": {
      "locked": {
        "lastModified": 1667395993,
        "narHash": "sha256-nuEHfE/LcWyuSWnS8t12N1wc105Qtau+/OdUAjtQ0rA=",
        "owner": "numtide",
        "repo": "flake-utils",
        "rev": "5aed5285a952e0b949eb3ba02c12fa4fcfef535f",
        "type": "github"
      },
      "original": {
        "id": "flake-utils",
        "type": "indirect"
      }
    },
    "home-manager": {
      "inputs": {
        "nixpkgs": [
          "nixpkgs"
        ]
      },
      "locked": {
        "lastModified": 1667299227,
        "narHash": "sha256-vAJPFSDYUq3DdCL8OzTg4xObRNW+yA1Pt+NzbhGu1f8=",
        "owner": "nix-community",
        "repo": "home-manager",
        "rev": "f0ecd4b1db5e15103e955b18cb94bea4296e5c45",
        "type": "github"
      },
      "original": {
        "owner": "nix-community",
        "ref": "release-22.05",
        "repo": "home-manager",
        "type": "github"
      }
    },
    "nixpkgs": {
      "locked": {
        "lastModified": 1667231093,
        "narHash": "sha256-RERXruzBEBuf0c7OfZeX1hxEKB+PTCUNxWeB6C1jd8Y=",
        "owner": "nixos",
        "repo": "nixpkgs",
        "rev": "d40fea9aeb8840fea0d377baa4b38e39b9582458",
        "type": "github"
      },
      "original": {
        "owner": "nixos",
        "ref": "nixos-unstable",
        "repo": "nixpkgs",
        "type": "github"
      }
    },
    "nixpkgs-unstable": {
      "locked": {
        "lastModified": 1667231093,
        "narHash": "sha256-RERXruzBEBuf0c7OfZeX1hxEKB+PTCUNxWeB6C1jd8Y=",
        "owner": "nixos",
        "repo": "nixpkgs",
        "rev": "d40fea9aeb8840fea0d377baa4b38e39b9582458",
        "type": "github"
      },
      "original": {
        "owner": "nixos",
        "ref": "nixos-unstable",
        "repo": "nixpkgs",
        "type": "github"
      }
    },
    "patchelf-raphi": {
      "inputs": {
        "nixpkgs": [
          "nixpkgs"
        ]
      },
      "locked": {
        "lastModified": 1661880995,
        "narHash": "sha256-fJXkByP2QXo/3tpP1mPCYKmGolwlWLxubGV6xdytmCg=",
        "ref": "refs/heads/replace-symbol",
        "rev": "9079354d2b94050f38594b5fab5f764f73e4b7e0",
        "revCount": 676,
        "type": "git",
        "url": "https://git.sr.ht/~raphi/patchelf"
      },
      "original": {
        "type": "git",
        "url": "https://git.sr.ht/~raphi/patchelf"
      }
    },
    "root": {
      "inputs": {
        "home-manager": "home-manager",
        "nixpkgs": "nixpkgs",
        "nixpkgs-unstable": "nixpkgs-unstable",
        "patchelf-raphi": "patchelf-raphi",
        "ryan-website": "ryan-website",
        "twitcher": "twitcher"
      }
    },
    "ryan-website": {
      "inputs": {
        "cv": "cv",
        "flake-compat": "flake-compat",
        "flake-utils": "flake-utils",
        "nixpkgs": [
          "nixpkgs"
        ]
      },
      "locked": {
        "lastModified": 1669739343,
        "narHash": "sha256-AtfhAaW/F6uWyAVp4B38LbQqOC0I3YJlgu+Ev+2VQno=",
        "ref": "refs/heads/master",
        "rev": "e924a62397db866d518f839d17a790847140d87d",
        "revCount": 376,
        "type": "git",
        "url": "ssh://git@git.freumh.org/ryan/website.git"
      },
      "original": {
        "type": "git",
        "url": "ssh://git@git.freumh.org/ryan/website.git"
      }
    },
    "twitcher": {
      "inputs": {
        "flake-utils": "flake-utils_2",
        "nixpkgs": [
          "nixpkgs"
        ]
      },
      "locked": {
        "lastModified": 1669741454,
        "narHash": "sha256-0zIHWARv9YAjpH6CQ2QqJIVwyesL19uCw21Wt8+6xgw=",
        "ref": "refs/heads/master",
        "rev": "56163c9e508d2f798b7677778fa0dc11f721c04b",
        "revCount": 198,
        "type": "git",
        "url": "ssh://git@git.freumh.org/ryan/twitcher.git"
      },
      "original": {
        "type": "git",
        "url": "ssh://git@git.freumh.org/ryan/twitcher.git"
      }
    }
  },
  "root": "root",
  "version": 7
}
