{
  "nodes": {
    "cv": {
      "inputs": {
        "flake-utils": [
          "gibbrdotorg",
          "flake-utils"
        ],
        "nixpkgs": [
          "gibbrdotorg",
          "nixpkgs"
        ]
      },
      "locked": {
        "lastModified": 1666452494,
        "narHash": "sha256-EfeA+ndzlYwQadp4bq+0tTfKSGHqOC1gFis20p1XZnQ=",
        "ref": "main",
        "rev": "a21b3ad535c7f7ceb5b768c0ccc71d9438fa290e",
        "revCount": 24,
        "type": "git",
        "url": "ssh://git@github.com/RyanGibb/cv.git"
      },
      "original": {
        "ref": "main",
        "type": "git",
        "url": "ssh://git@github.com/RyanGibb/cv.git"
      }
    },
    "flake-compat": {
      "flake": false,
      "locked": {
        "lastModified": 1650374568,
        "narHash": "sha256-Z+s0J8/r907g149rllvwhb4pKi8Wam5ij0st8PwAh+E=",
        "owner": "edolstra",
        "repo": "flake-compat",
        "rev": "b4a34015c698c7793d592d66adbab377907a2be8",
        "type": "github"
      },
      "original": {
        "owner": "edolstra",
        "repo": "flake-compat",
        "type": "github"
      }
    },
    "flake-utils": {
      "locked": {
        "lastModified": 1659877975,
        "narHash": "sha256-zllb8aq3YO3h8B/U0/J1WBgAL8EX5yWf5pMj3G0NAmc=",
        "owner": "numtide",
        "repo": "flake-utils",
        "rev": "c0e246b9b83f637f4681389ecabcb2681b4f3af0",
        "type": "github"
      },
      "original": {
        "id": "flake-utils",
        "type": "indirect"
      }
    },
    "gibbrdotorg": {
      "inputs": {
        "cv": "cv",
        "flake-compat": "flake-compat",
        "flake-utils": "flake-utils",
        "nixpkgs": [
          "nixpkgs"
        ]
      },
      "locked": {
        "lastModified": 1667322576,
        "narHash": "sha256-NvDh7Z020959qb/HwU9+BgONWedRL+jWzWaFZbN0fzk=",
        "owner": "RyanGibb",
        "repo": "gibbr.org",
        "rev": "1c60bc2aeb118499e190d9b8246482e9b79eb712",
        "type": "github"
      },
      "original": {
        "owner": "RyanGibb",
        "repo": "gibbr.org",
        "type": "github"
      }
    },
    "home-manager": {
      "inputs": {
        "nixpkgs": [
          "nixpkgs"
        ]
      },
      "locked": {
        "lastModified": 1667299227,
        "narHash": "sha256-vAJPFSDYUq3DdCL8OzTg4xObRNW+yA1Pt+NzbhGu1f8=",
        "owner": "nix-community",
        "repo": "home-manager",
        "rev": "f0ecd4b1db5e15103e955b18cb94bea4296e5c45",
        "type": "github"
      },
      "original": {
        "owner": "nix-community",
        "ref": "release-22.05",
        "repo": "home-manager",
        "type": "github"
      }
    },
    "nixpkgs": {
      "locked": {
        "lastModified": 1667231093,
        "narHash": "sha256-RERXruzBEBuf0c7OfZeX1hxEKB+PTCUNxWeB6C1jd8Y=",
        "owner": "nixos",
        "repo": "nixpkgs",
        "rev": "d40fea9aeb8840fea0d377baa4b38e39b9582458",
        "type": "github"
      },
      "original": {
        "owner": "nixos",
        "ref": "nixos-unstable",
        "repo": "nixpkgs",
        "type": "github"
      }
    },
    "nixpkgs-unstable": {
      "locked": {
        "lastModified": 1667231093,
        "narHash": "sha256-RERXruzBEBuf0c7OfZeX1hxEKB+PTCUNxWeB6C1jd8Y=",
        "owner": "nixos",
        "repo": "nixpkgs",
        "rev": "d40fea9aeb8840fea0d377baa4b38e39b9582458",
        "type": "github"
      },
      "original": {
        "owner": "nixos",
        "ref": "nixos-unstable",
        "repo": "nixpkgs",
        "type": "github"
      }
    },
    "root": {
      "inputs": {
        "gibbrdotorg": "gibbrdotorg",
        "home-manager": "home-manager",
        "nixpkgs": "nixpkgs",
        "nixpkgs-unstable": "nixpkgs-unstable"
      }
    }
  },
  "root": "root",
  "version": 7
}
