{
  "nodes": {
    "aeon": {
      "inputs": {
        "flake-utils": "flake-utils",
        "nixpkgs": [
          "nixpkgs"
        ],
        "opam-nix": "opam-nix",
        "opam-repository": "opam-repository"
      },
      "locked": {
        "lastModified": 1684149590,
        "narHash": "sha256-up5ugUEHQPB2GxzyKdFB8PU5tYCMuHAf/L01u+foxt4=",
        "owner": "RyanGibb",
        "repo": "aeon",
        "rev": "7c590f3a982dd5dbb8e9d703083ab3f9862c4ce7",
        "type": "github"
      },
      "original": {
        "owner": "RyanGibb",
        "repo": "aeon",
        "type": "github"
      }
    },
    "colour-guesser": {
      "inputs": {
        "flake-utils": "flake-utils_2",
        "nix-filter": "nix-filter",
        "nixpkgs": [
          "nixpkgs"
        ]
      },
      "locked": {
        "lastModified": 1687024501,
        "narHash": "sha256-jlKlbaWDQ6fNaXSOoqHto7bs+OxAyFbSXKutIJBGzok=",
        "ref": "develop",
        "rev": "9287f9f33b4ada988e2ec8960afd444f5a9159a7",
        "revCount": 8,
        "type": "git",
        "url": "ssh://git@github.com/ryangibb/colour-guesser.git"
      },
      "original": {
        "ref": "develop",
        "type": "git",
        "url": "ssh://git@github.com/ryangibb/colour-guesser.git"
      }
    },
    "devshell": {
      "locked": {
        "lastModified": 1642188268,
        "narHash": "sha256-DNz4xScpXIn7rSDohdayBpPR9H9OWCMDOgTYegX081k=",
        "owner": "numtide",
        "repo": "devshell",
        "rev": "696acc29668b644df1740b69e1601119bf6da83b",
        "type": "github"
      },
      "original": {
        "owner": "numtide",
        "repo": "devshell",
        "type": "github"
      }
    },
    "eeww": {
      "inputs": {
        "flake-utils": "flake-utils_3",
        "nixpkgs": [
          "nixpkgs"
        ]
      },
      "locked": {
        "lastModified": 1670945505,
        "narHash": "sha256-gN6ATdvUuNDBKYTQeax5oNtUeQIiCGQyYgfueLsC8Es=",
        "owner": "RyanGibb",
        "repo": "eeww",
        "rev": "12f3908ffa24fcbdf8df6e422d27022965b8058c",
        "type": "github"
      },
      "original": {
        "owner": "RyanGibb",
        "ref": "nixos",
        "repo": "eeww",
        "type": "github"
      }
    },
    "eilean": {
      "inputs": {
        "nixpkgs": [
          "nixpkgs"
        ]
      },
      "locked": {
        "lastModified": 1687196507,
        "narHash": "sha256-W9n7DV+hyZl2KXMiNWVELdhsvbXO1hnEnVvz3b7rxCA=",
        "ref": "main",
        "rev": "cc7eec5f54ff05de72f4183ba3ae28074f69ae4f",
        "revCount": 18,
        "type": "git",
        "url": "https://git@git.freumh.org/ryan/eilean-nix.git"
      },
      "original": {
        "ref": "main",
        "type": "git",
        "url": "https://git@git.freumh.org/ryan/eilean-nix.git"
      }
    },
    "flake-compat": {
      "flake": false,
      "locked": {
        "lastModified": 1627913399,
        "narHash": "sha256-hY8g6H2KFL8ownSiFeMOjwPC8P0ueXpCVEbxgda3pko=",
        "owner": "edolstra",
        "repo": "flake-compat",
        "rev": "12c64ca55c1014cdc1b16ed5a804aa8576601ff2",
        "type": "github"
      },
      "original": {
        "owner": "edolstra",
        "repo": "flake-compat",
        "type": "github"
      }
    },
    "flake-compat_2": {
      "flake": false,
      "locked": {
        "lastModified": 1641205782,
        "narHash": "sha256-4jY7RCWUoZ9cKD8co0/4tFARpWB+57+r1bLLvXNJliY=",
        "owner": "edolstra",
        "repo": "flake-compat",
        "rev": "b7547d3eed6f32d06102ead8991ec52ab0a4f1a7",
        "type": "github"
      },
      "original": {
        "owner": "edolstra",
        "repo": "flake-compat",
        "type": "github"
      }
    },
    "flake-utils": {
      "locked": {
        "lastModified": 1667395993,
        "narHash": "sha256-nuEHfE/LcWyuSWnS8t12N1wc105Qtau+/OdUAjtQ0rA=",
        "owner": "numtide",
        "repo": "flake-utils",
        "rev": "5aed5285a952e0b949eb3ba02c12fa4fcfef535f",
        "type": "github"
      },
      "original": {
        "owner": "numtide",
        "repo": "flake-utils",
        "type": "github"
      }
    },
    "flake-utils_2": {
      "inputs": {
        "systems": "systems"
      },
      "locked": {
        "lastModified": 1681202837,
        "narHash": "sha256-H+Rh19JDwRtpVPAWp64F+rlEtxUWBAQW28eAi3SRSzg=",
        "owner": "numtide",
        "repo": "flake-utils",
        "rev": "cfacdce06f30d2b68473a46042957675eebb3401",
        "type": "github"
      },
      "original": {
        "id": "flake-utils",
        "type": "indirect"
      }
    },
    "flake-utils_3": {
      "locked": {
        "lastModified": 1667395993,
        "narHash": "sha256-nuEHfE/LcWyuSWnS8t12N1wc105Qtau+/OdUAjtQ0rA=",
        "owner": "numtide",
        "repo": "flake-utils",
        "rev": "5aed5285a952e0b949eb3ba02c12fa4fcfef535f",
        "type": "github"
      },
      "original": {
        "id": "flake-utils",
        "type": "indirect"
      }
    },
    "flake-utils_4": {
      "inputs": {
        "systems": "systems_2"
      },
      "locked": {
        "lastModified": 1685518550,
        "narHash": "sha256-o2d0KcvaXzTrPRIo0kOLV0/QXHhDQ5DTi+OxcjO8xqY=",
        "owner": "numtide",
        "repo": "flake-utils",
        "rev": "a1720a10a6cfe8234c0e93907ffe81be440f4cef",
        "type": "github"
      },
      "original": {
        "id": "flake-utils",
        "type": "indirect"
      }
    },
    "flake-utils_5": {
      "locked": {
        "lastModified": 1676283394,
        "narHash": "sha256-XX2f9c3iySLCw54rJ/CZs+ZK6IQy7GXNY4nSOyu2QG4=",
        "owner": "numtide",
        "repo": "flake-utils",
        "rev": "3db36a8b464d0c4532ba1c7dda728f4576d6d073",
        "type": "github"
      },
      "original": {
        "id": "flake-utils",
        "type": "indirect"
      }
    },
    "flake-utils_6": {
      "locked": {
        "lastModified": 1667395993,
        "narHash": "sha256-nuEHfE/LcWyuSWnS8t12N1wc105Qtau+/OdUAjtQ0rA=",
        "owner": "numtide",
        "repo": "flake-utils",
        "rev": "5aed5285a952e0b949eb3ba02c12fa4fcfef535f",
        "type": "github"
      },
      "original": {
        "id": "flake-utils",
        "type": "indirect"
      }
    },
    "home-manager": {
      "inputs": {
        "nixpkgs": [
          "nixpkgs"
        ]
      },
      "locked": {
        "lastModified": 1686693375,
        "narHash": "sha256-1Smjo0E8WI9PeVGmmCjpQWRX04aQvz5gAGXfdanIjgw=",
        "owner": "nix-community",
        "repo": "home-manager",
        "rev": "61e5d1c38ef04ba30a9119825b159bce9c6010be",
        "type": "github"
      },
      "original": {
        "owner": "nix-community",
        "ref": "release-23.05",
        "repo": "home-manager",
        "type": "github"
      }
    },
    "matrix-appservices": {
      "inputs": {
        "devshell": "devshell",
        "flake-compat": "flake-compat_2",
        "nixlib": "nixlib",
        "nixpkgs": [
          "nixpkgs"
        ]
      },
      "locked": {
        "lastModified": 1683490239,
        "narHash": "sha256-QKzpvl2XrqbobWq/I/smDa9hEniwctjJybXPVILHP0w=",
        "owner": "coffeetables",
        "repo": "nix-matrix-appservices",
        "rev": "e795d2fbc61da45d49802bb3e8f8d0c70ddc1e68",
        "type": "gitlab"
      },
      "original": {
        "owner": "coffeetables",
        "repo": "nix-matrix-appservices",
        "type": "gitlab"
      }
    },
    "mautrix-signal": {
      "flake": false,
      "locked": {
        "lastModified": 1673613420,
        "narHash": "sha256-ugrz81iOqFzFbf1/u08DtNufl644tE3HqRycm9e+oaI=",
        "owner": "Jaffex",
        "repo": "signal",
        "rev": "6b4b0736119545eb12d226747dc186028bae5024",
        "type": "github"
      },
      "original": {
        "owner": "Jaffex",
        "ref": "6b4b07",
        "repo": "signal",
        "type": "github"
      }
    },
    "mirage-opam-overlays": {
      "flake": false,
      "locked": {
        "lastModified": 1661959605,
        "narHash": "sha256-CPTuhYML3F4J58flfp3ZbMNhkRkVFKmBEYBZY5tnQwA=",
        "owner": "dune-universe",
        "repo": "mirage-opam-overlays",
        "rev": "05f1c1823d891ce4d8adab91f5db3ac51d86dc0b",
        "type": "github"
      },
      "original": {
        "owner": "dune-universe",
        "repo": "mirage-opam-overlays",
        "type": "github"
      }
    },
    "nix-filter": {
      "locked": {
        "lastModified": 1681154353,
        "narHash": "sha256-MCJ5FHOlbfQRFwN0brqPbCunLEVw05D/3sRVoNVt2tI=",
        "owner": "numtide",
        "repo": "nix-filter",
        "rev": "f529f42792ade8e32c4be274af6b6d60857fbee7",
        "type": "github"
      },
      "original": {
        "owner": "numtide",
        "repo": "nix-filter",
        "type": "github"
      }
    },
    "nixlib": {
      "locked": {
        "lastModified": 1643502816,
        "narHash": "sha256-Wrbt6Gs+hjXD3HUICPBJHKnHEUqiyx8rzHCgvqC1Bok=",
        "owner": "divnix",
        "repo": "nixpkgs.lib",
        "rev": "ebed7ec5bcb5d01e298535989c6c321df18b631a",
        "type": "github"
      },
      "original": {
        "owner": "divnix",
        "repo": "nixpkgs.lib",
        "type": "github"
      }
    },
    "nixos-hardware": {
      "locked": {
        "lastModified": 1686838567,
        "narHash": "sha256-aqKCUD126dRlVSKV6vWuDCitfjFrZlkwNuvj5LtjRRU=",
        "owner": "nixos",
        "repo": "nixos-hardware",
        "rev": "429f232fe1dc398c5afea19a51aad6931ee0fb89",
        "type": "github"
      },
      "original": {
        "owner": "nixos",
        "repo": "nixos-hardware",
        "type": "github"
      }
    },
    "nixpkgs": {
      "locked": {
        "lastModified": 1686921029,
        "narHash": "sha256-J1bX9plPCFhTSh6E3TWn9XSxggBh/zDD4xigyaIQBy8=",
        "owner": "nixos",
        "repo": "nixpkgs",
        "rev": "c7ff1b9b95620ce8728c0d7bd501c458e6da9e04",
        "type": "github"
      },
      "original": {
        "owner": "nixos",
        "ref": "nixos-23.05",
        "repo": "nixpkgs",
        "type": "github"
      }
    },
    "nixpkgs-unstable": {
      "locked": {
        "lastModified": 1686921029,
        "narHash": "sha256-J1bX9plPCFhTSh6E3TWn9XSxggBh/zDD4xigyaIQBy8=",
        "owner": "nixos",
        "repo": "nixpkgs",
        "rev": "c7ff1b9b95620ce8728c0d7bd501c458e6da9e04",
        "type": "github"
      },
      "original": {
        "owner": "nixos",
        "ref": "nixos-23.05",
        "repo": "nixpkgs",
        "type": "github"
      }
    },
    "opam-nix": {
      "inputs": {
        "flake-compat": "flake-compat",
        "flake-utils": [
          "aeon",
          "flake-utils"
        ],
        "mirage-opam-overlays": "mirage-opam-overlays",
        "nixpkgs": [
          "aeon",
          "nixpkgs"
        ],
        "opam-overlays": "opam-overlays",
        "opam-repository": [
          "aeon",
          "opam-repository"
        ],
        "opam2json": "opam2json"
      },
      "locked": {
        "lastModified": 1680084639,
        "narHash": "sha256-GDalP6niYAKvB0EsZWGhqH4ryCyzXwgodCC6FjKEnnw=",
        "owner": "tweag",
        "repo": "opam-nix",
        "rev": "a98614af305ce44076cf244ea3a0b098f2be2254",
        "type": "github"
      },
      "original": {
        "owner": "tweag",
        "repo": "opam-nix",
        "type": "github"
      }
    },
    "opam-overlays": {
      "flake": false,
      "locked": {
        "lastModified": 1654162756,
        "narHash": "sha256-RV68fUK+O3zTx61iiHIoS0LvIk0E4voMp+0SwRg6G6c=",
        "owner": "dune-universe",
        "repo": "opam-overlays",
        "rev": "c8f6ef0fc5272f254df4a971a47de7848cc1c8a4",
        "type": "github"
      },
      "original": {
        "owner": "dune-universe",
        "repo": "opam-overlays",
        "type": "github"
      }
    },
    "opam-repository": {
      "flake": false,
      "locked": {
        "lastModified": 1680688376,
        "narHash": "sha256-vFOmQQBm+ItptdL8CzEhAqFwQR66vR1VXya3el97uik=",
        "owner": "ocaml",
        "repo": "opam-repository",
        "rev": "ae1fd22626694d95bbbaf5277710644f4b85478f",
        "type": "github"
      },
      "original": {
        "owner": "ocaml",
        "repo": "opam-repository",
        "type": "github"
      }
    },
    "opam2json": {
      "inputs": {
        "nixpkgs": [
          "aeon",
          "opam-nix",
          "nixpkgs"
        ]
      },
      "locked": {
        "lastModified": 1671540003,
        "narHash": "sha256-5pXfbUfpVABtKbii6aaI2EdAZTjHJ2QntEf0QD2O5AM=",
        "owner": "tweag",
        "repo": "opam2json",
        "rev": "819d291ea95e271b0e6027679de6abb4d4f7f680",
        "type": "github"
      },
      "original": {
        "owner": "tweag",
        "repo": "opam2json",
        "type": "github"
      }
    },
    "patchelf": {
      "inputs": {
        "nixpkgs": [
          "nixpkgs"
        ]
      },
      "locked": {
        "lastModified": 1678188176,
        "narHash": "sha256-IH80NcLhwjGpIXEjHuV+NgaSC+Y/PXquxZ/C8Bl+CLk=",
        "owner": "nixos",
        "repo": "patchelf",
        "rev": "ea2fca765c440fff1ff74e1463444dea7b819db2",
        "type": "github"
      },
      "original": {
        "owner": "nixos",
        "ref": "ea2fca765c",
        "repo": "patchelf",
        "type": "github"
      }
    },
    "root": {
      "inputs": {
        "aeon": "aeon",
        "colour-guesser": "colour-guesser",
        "eeww": "eeww",
        "eilean": "eilean",
        "home-manager": "home-manager",
        "matrix-appservices": "matrix-appservices",
        "mautrix-signal": "mautrix-signal",
        "nixos-hardware": "nixos-hardware",
        "nixpkgs": "nixpkgs",
        "nixpkgs-unstable": "nixpkgs-unstable",
        "patchelf": "patchelf",
        "ryan-cv": "ryan-cv",
        "ryan-website": "ryan-website",
        "twitcher": "twitcher",
        "wallpapers": "wallpapers"
      }
    },
    "ryan-cv": {
      "inputs": {
        "flake-utils": "flake-utils_4",
        "nixpkgs": [
          "nixpkgs"
        ]
      },
      "locked": {
        "lastModified": 1686668938,
        "narHash": "sha256-8w0PHwIY4RbkRZV4UHWnqFjxqtOXtJb3sbzIpK1EjSo=",
        "ref": "refs/heads/main",
        "rev": "4333b459f07f4e1d0c9866988815b5a071db2809",
        "revCount": 37,
        "type": "git",
        "url": "ssh://git@git.freumh.org/ryan/cv.git"
      },
      "original": {
        "type": "git",
        "url": "ssh://git@git.freumh.org/ryan/cv.git"
      }
    },
    "ryan-website": {
      "inputs": {
        "cv": [
          "ryan-cv"
        ],
        "flake-utils": "flake-utils_5",
        "nixpkgs": [
          "nixpkgs"
        ]
      },
      "locked": {
        "lastModified": 1688135714,
        "narHash": "sha256-mztYsCL6poPSNtJ2V5GKtZNnYFs6Tl5geUjj37f+3KI=",
        "ref": "refs/heads/master",
        "rev": "34bce86a5081857f88aa998e4780d182ac3b485a",
        "revCount": 450,
        "type": "git",
        "url": "https://git@git.freumh.org/ryan/website.git"
      },
      "original": {
        "type": "git",
        "url": "https://git@git.freumh.org/ryan/website.git"
      }
    },
    "systems": {
      "locked": {
        "lastModified": 1681028828,
        "narHash": "sha256-Vy1rq5AaRuLzOxct8nz4T6wlgyUR7zLU309k9mBC768=",
        "owner": "nix-systems",
        "repo": "default",
        "rev": "da67096a3b9bf56a91d16901293e51ba5b49a27e",
        "type": "github"
      },
      "original": {
        "owner": "nix-systems",
        "repo": "default",
        "type": "github"
      }
    },
    "systems_2": {
      "locked": {
        "lastModified": 1681028828,
        "narHash": "sha256-Vy1rq5AaRuLzOxct8nz4T6wlgyUR7zLU309k9mBC768=",
        "owner": "nix-systems",
        "repo": "default",
        "rev": "da67096a3b9bf56a91d16901293e51ba5b49a27e",
        "type": "github"
      },
      "original": {
        "owner": "nix-systems",
        "repo": "default",
        "type": "github"
      }
    },
    "twitcher": {
      "inputs": {
        "flake-utils": "flake-utils_6",
        "nixpkgs": [
          "nixpkgs"
        ]
      },
      "locked": {
        "lastModified": 1687006386,
        "narHash": "sha256-zDowntgV02e28x+HsD412NSD5HxTrrLlZal8Sa4A9LA=",
        "ref": "refs/heads/master",
        "rev": "395ebe066b409ec81593a6cf312271ce5d8411d3",
        "revCount": 217,
        "type": "git",
        "url": "https://git@git.freumh.org/ryan/twitcher.git"
      },
      "original": {
        "type": "git",
        "url": "https://git@git.freumh.org/ryan/twitcher.git"
      }
    },
    "wallpapers": {
      "flake": false,
      "locked": {
        "lastModified": 1686522804,
        "narHash": "sha256-EoBk7YX/nqus5eal7K4DVUkQI+n5Em4ApP2CX1uzf/c=",
        "ref": "main",
        "rev": "82796072518780cac51b3b06341ada3a2b45a060",
        "revCount": 1,
        "type": "git",
        "url": "ssh://git@git.freumh.org/ryan/wallpapers.git"
      },
      "original": {
        "ref": "main",
        "type": "git",
        "url": "ssh://git@git.freumh.org/ryan/wallpapers.git"
      }
    }
  },
  "root": "root",
  "version": 7
}
